
Microsoft Visual Studio Solution File, Format Version 12.00
# Visual Studio Version 16
VisualStudioVersion = 16.0.31205.134
MinimumVisualStudioVersion = 10.0.40219.1
Project("{FAE04EC0-301F-11D3-BF4B-00C04F79EFBC}") = "RentACar", "RentACar\RentACar.csproj", "{C6752692-B09D-4FFE-9665-14B2792C3801}"
EndProject
Global
	GlobalSection(SolutionConfigurationPlatforms) = preSolution
		Debug|Any CPU = Debug|Any CPU
		Release|Any CPU = Release|Any CPU
	EndGlobalSection
	GlobalSection(ProjectConfigurationPlatforms) = postSolution
		{C6752692-B09D-4FFE-9665-14B2792C3801}.Debug|Any CPU.ActiveCfg = Debug|Any CPU
		{C6752692-B09D-4FFE-9665-14B2792C3801}.Debug|Any CPU.Build.0 = Debug|Any CPU
		{C6752692-B09D-4FFE-9665-14B2792C3801}.Release|Any CPU.ActiveCfg = Release|Any CPU
		{C6752692-B09D-4FFE-9665-14B2792C3801}.Release|Any CPU.Build.0 = Release|Any CPU
	EndGlobalSection
	GlobalSection(SolutionProperties) = preSolution
		HideSolutionNode = FALSE
	EndGlobalSection
	GlobalSection(ExtensibilityGlobals) = postSolution
		SolutionGuid = {AF7D7070-1767-434F-8ACA-7BC57C88A547}
	EndGlobalSection
EndGlobal
